
Microsoft Visual Studio Solution File, Format Version 12.00
# Visual Studio Version 16
VisualStudioVersion = 16.0.30128.74
MinimumVisualStudioVersion = 10.0.40219.1
Project("{FAE04EC0-301F-11D3-BF4B-00C04F79EFBC}") = "Final_Assignment", "Final_Assignment.csproj", "{34ADEAD2-6919-47C3-A320-C33515389CAD}"
EndProject
Global
	GlobalSection(SolutionConfigurationPlatforms) = preSolution
		Debug|Any CPU = Debug|Any CPU
		Release|Any CPU = Release|Any CPU
	EndGlobalSection
	GlobalSection(ProjectConfigurationPlatforms) = postSolution
		{34ADEAD2-6919-47C3-A320-C33515389CAD}.Debug|Any CPU.ActiveCfg = Debug|Any CPU
		{34ADEAD2-6919-47C3-A320-C33515389CAD}.Debug|Any CPU.Build.0 = Debug|Any CPU
		{34ADEAD2-6919-47C3-A320-C33515389CAD}.Release|Any CPU.ActiveCfg = Release|Any CPU
		{34ADEAD2-6919-47C3-A320-C33515389CAD}.Release|Any CPU.Build.0 = Release|Any CPU
	EndGlobalSection
	GlobalSection(SolutionProperties) = preSolution
		HideSolutionNode = FALSE
	EndGlobalSection
	GlobalSection(ExtensibilityGlobals) = postSolution
		SolutionGuid = {4EDCF4BA-C9BF-4801-AD87-C98E8E49A23A}
	EndGlobalSection
EndGlobal
