
Microsoft Visual Studio Solution File, Format Version 12.00
# Visual Studio Version 16
VisualStudioVersion = 16.0.30611.23
MinimumVisualStudioVersion = 10.0.40219.1
Project("{FAE04EC0-301F-11D3-BF4B-00C04F79EFBC}") = "LoginDemo", "LoginDemo.csproj", "{856830EA-F59F-4B14-B9E0-88506DA3D00A}"
EndProject
Global
	GlobalSection(SolutionConfigurationPlatforms) = preSolution
		Debug|Any CPU = Debug|Any CPU
		Release|Any CPU = Release|Any CPU
	EndGlobalSection
	GlobalSection(ProjectConfigurationPlatforms) = postSolution
		{856830EA-F59F-4B14-B9E0-88506DA3D00A}.Debug|Any CPU.ActiveCfg = Debug|Any CPU
		{856830EA-F59F-4B14-B9E0-88506DA3D00A}.Debug|Any CPU.Build.0 = Debug|Any CPU
		{856830EA-F59F-4B14-B9E0-88506DA3D00A}.Release|Any CPU.ActiveCfg = Release|Any CPU
		{856830EA-F59F-4B14-B9E0-88506DA3D00A}.Release|Any CPU.Build.0 = Release|Any CPU
	EndGlobalSection
	GlobalSection(SolutionProperties) = preSolution
		HideSolutionNode = FALSE
	EndGlobalSection
	GlobalSection(ExtensibilityGlobals) = postSolution
		SolutionGuid = {02601FA7-6170-4911-B015-59C58C8674EC}
	EndGlobalSection
EndGlobal
